
Microsoft Visual Studio Solution File, Format Version 12.00
# Visual Studio Version 16
VisualStudioVersion = 16.0.809.4
MinimumVisualStudioVersion = 10.0.40219.1
Project("{FAE04EC0-301F-11D3-BF4B-00C04F79EFBC}") = "TeslaApp", "src\App\TeslaApp.csproj", "{05A0D691-DFBD-48A9-936D-09B545553949}"
EndProject
Project("{FAE04EC0-301F-11D3-BF4B-00C04F79EFBC}") = "TeslaApi", "src\TeslaApi\TeslaApi.csproj", "{C37530D6-65DF-406E-B60C-52586A7B6A87}"
EndProject
Global
	GlobalSection(SolutionConfigurationPlatforms) = preSolution
		Debug|Any CPU = Debug|Any CPU
		Release|Any CPU = Release|Any CPU
	EndGlobalSection
	GlobalSection(ProjectConfigurationPlatforms) = postSolution
		{05A0D691-DFBD-48A9-936D-09B545553949}.Debug|Any CPU.ActiveCfg = Debug|Any CPU
		{05A0D691-DFBD-48A9-936D-09B545553949}.Debug|Any CPU.Build.0 = Debug|Any CPU
		{05A0D691-DFBD-48A9-936D-09B545553949}.Release|Any CPU.ActiveCfg = Release|Any CPU
		{05A0D691-DFBD-48A9-936D-09B545553949}.Release|Any CPU.Build.0 = Release|Any CPU
		{C37530D6-65DF-406E-B60C-52586A7B6A87}.Debug|Any CPU.ActiveCfg = Debug|Any CPU
		{C37530D6-65DF-406E-B60C-52586A7B6A87}.Debug|Any CPU.Build.0 = Debug|Any CPU
		{C37530D6-65DF-406E-B60C-52586A7B6A87}.Release|Any CPU.ActiveCfg = Release|Any CPU
		{C37530D6-65DF-406E-B60C-52586A7B6A87}.Release|Any CPU.Build.0 = Release|Any CPU
	EndGlobalSection
	GlobalSection(SolutionProperties) = preSolution
		HideSolutionNode = FALSE
	EndGlobalSection
	GlobalSection(ExtensibilityGlobals) = postSolution
		SolutionGuid = {44150235-B521-4E60-9218-5A3C6EC0A54A}
	EndGlobalSection
EndGlobal
